// !$*UTF8*$!
{
	archiveVersion = 1;
	classes = {
	};
	objectVersion = 56;
	objects = {

/* Begin PBXBuildFile section */
		C39C842529872DF200E05D02 /* PizzorApp.swift in Sources */ = {isa = PBXBuildFile; fileRef = C39C842429872DF200E05D02 /* PizzorApp.swift */; };
		C39C842729872DF200E05D02 /* ContentView.swift in Sources */ = {isa = PBXBuildFile; fileRef = C39C842629872DF200E05D02 /* ContentView.swift */; };
		C39C842929872DFC00E05D02 /* Assets.xcassets in Resources */ = {isa = PBXBuildFile; fileRef = C39C842829872DFC00E05D02 /* Assets.xcassets */; };
		C39C842C29872DFC00E05D02 /* Preview Assets.xcassets in Resources */ = {isa = PBXBuildFile; fileRef = C39C842B29872DFC00E05D02 /* Preview Assets.xcassets */; };
		C39C843629872DFD00E05D02 /* PizzorTests.swift in Sources */ = {isa = PBXBuildFile; fileRef = C39C843529872DFD00E05D02 /* PizzorTests.swift */; };
		C39C844029872DFD00E05D02 /* PizzorUITests.swift in Sources */ = {isa = PBXBuildFile; fileRef = C39C843F29872DFD00E05D02 /* PizzorUITests.swift */; };
		C39C844229872DFD00E05D02 /* PizzorUITestsLaunchTests.swift in Sources */ = {isa = PBXBuildFile; fileRef = C39C844129872DFD00E05D02 /* PizzorUITestsLaunchTests.swift */; };
/* End PBXBuildFile section */

/* Begin PBXContainerItemProxy section */
		C39C843229872DFD00E05D02 /* PBXContainerItemProxy */ = {
			isa = PBXContainerItemProxy;
			containerPortal = C39C841929872DF200E05D02 /* Project object */;
			proxyType = 1;
			remoteGlobalIDString = C39C842029872DF200E05D02;
			remoteInfo = Pizzor;
		};
		C39C843C29872DFD00E05D02 /* PBXContainerItemProxy */ = {
			isa = PBXContainerItemProxy;
			containerPortal = C39C841929872DF200E05D02 /* Project object */;
			proxyType = 1;
			remoteGlobalIDString = C39C842029872DF200E05D02;
			remoteInfo = Pizzor;
		};
/* End PBXContainerItemProxy section */

/* Begin PBXFileReference section */
		C39C842129872DF200E05D02 /* Pizzor.app */ = {isa = PBXFileReference; explicitFileType = wrapper.application; includeInIndex = 0; path = Pizzor.app; sourceTree = BUILT_PRODUCTS_DIR; };
		C39C842429872DF200E05D02 /* PizzorApp.swift */ = {isa = PBXFileReference; lastKnownFileType = sourcecode.swift; path = PizzorApp.swift; sourceTree = "<group>"; };
		C39C842629872DF200E05D02 /* ContentView.swift */ = {isa = PBXFileReference; lastKnownFileType = sourcecode.swift; path = ContentView.swift; sourceTree = "<group>"; };
		C39C842829872DFC00E05D02 /* Assets.xcassets */ = {isa = PBXFileReference; lastKnownFileType = folder.assetcatalog; path = Assets.xcassets; sourceTree = "<group>"; };
		C39C842B29872DFC00E05D02 /* Preview Assets.xcassets */ = {isa = PBXFileReference; lastKnownFileType = folder.assetcatalog; path = "Preview Assets.xcassets"; sourceTree = "<group>"; };
		C39C843129872DFD00E05D02 /* PizzorTests.xctest */ = {isa = PBXFileReference; explicitFileType = wrapper.cfbundle; includeInIndex = 0; path = PizzorTests.xctest; sourceTree = BUILT_PRODUCTS_DIR; };
		C39C843529872DFD00E05D02 /* PizzorTests.swift */ = {isa = PBXFileReference; lastKnownFileType = sourcecode.swift; path = PizzorTests.swift; sourceTree = "<group>"; };
		C39C843B29872DFD00E05D02 /* PizzorUITests.xctest */ = {isa = PBXFileReference; explicitFileType = wrapper.cfbundle; includeInIndex = 0; path = PizzorUITests.xctest; sourceTree = BUILT_PRODUCTS_DIR; };
		C39C843F29872DFD00E05D02 /* PizzorUITests.swift */ = {isa = PBXFileReference; lastKnownFileType = sourcecode.swift; path = PizzorUITests.swift; sourceTree = "<group>"; };
		C39C844129872DFD00E05D02 /* PizzorUITestsLaunchTests.swift */ = {isa = PBXFileReference; lastKnownFileType = sourcecode.swift; path = PizzorUITestsLaunchTests.swift; sourceTree = "<group>"; };
/* End PBXFileReference section */

/* Begin PBXFrameworksBuildPhase section */
		C39C841E29872DF200E05D02 /* Frameworks */ = {
			isa = PBXFrameworksBuildPhase;
			buildActionMask = 2147483647;
			files = (
			);
			runOnlyForDeploymentPostprocessing = 0;
		};
		C39C842E29872DFD00E05D02 /* Frameworks */ = {
			isa = PBXFrameworksBuildPhase;
			buildActionMask = 2147483647;
			files = (
			);
			runOnlyForDeploymentPostprocessing = 0;
		};
		C39C843829872DFD00E05D02 /* Frameworks */ = {
			isa = PBXFrameworksBuildPhase;
			buildActionMask = 2147483647;
			files = (
			);
			runOnlyForDeploymentPostprocessing = 0;
		};
/* End PBXFrameworksBuildPhase section */

/* Begin PBXGroup section */
		C39C841829872DF200E05D02 = {
			isa = PBXGroup;
			children = (
				C39C842329872DF200E05D02 /* Pizzor */,
				C39C843429872DFD00E05D02 /* PizzorTests */,
				C39C843E29872DFD00E05D02 /* PizzorUITests */,
				C39C842229872DF200E05D02 /* Products */,
			);
			sourceTree = "<group>";
		};
		C39C842229872DF200E05D02 /* Products */ = {
			isa = PBXGroup;
			children = (
				C39C842129872DF200E05D02 /* Pizzor.app */,
				C39C843129872DFD00E05D02 /* PizzorTests.xctest */,
				C39C843B29872DFD00E05D02 /* PizzorUITests.xctest */,
			);
			name = Products;
			sourceTree = "<group>";
		};
		C39C842329872DF200E05D02 /* Pizzor */ = {
			isa = PBXGroup;
			children = (
				C39C842429872DF200E05D02 /* PizzorApp.swift */,
				C39C842629872DF200E05D02 /* ContentView.swift */,
				C39C842829872DFC00E05D02 /* Assets.xcassets */,
				C39C842A29872DFC00E05D02 /* Preview Content */,
			);
			path = Pizzor;
			sourceTree = "<group>";
		};
		C39C842A29872DFC00E05D02 /* Preview Content */ = {
			isa = PBXGroup;
			children = (
				C39C842B29872DFC00E05D02 /* Preview Assets.xcassets */,
			);
			path = "Preview Content";
			sourceTree = "<group>";
		};
		C39C843429872DFD00E05D02 /* PizzorTests */ = {
			isa = PBXGroup;
			children = (
				C39C843529872DFD00E05D02 /* PizzorTests.swift */,
			);
			path = PizzorTests;
			sourceTree = "<group>";
		};
		C39C843E29872DFD00E05D02 /* PizzorUITests */ = {
			isa = PBXGroup;
			children = (
				C39C843F29872DFD00E05D02 /* PizzorUITests.swift */,
				C39C844129872DFD00E05D02 /* PizzorUITestsLaunchTests.swift */,
			);
			path = PizzorUITests;
			sourceTree = "<group>";
		};
/* End PBXGroup section */

/* Begin PBXNativeTarget section */
		C39C842029872DF200E05D02 /* Pizzor */ = {
			isa = PBXNativeTarget;
			buildConfigurationList = C39C844529872DFD00E05D02 /* Build configuration list for PBXNativeTarget "Pizzor" */;
			buildPhases = (
				C39C841D29872DF200E05D02 /* Sources */,
				C39C841E29872DF200E05D02 /* Frameworks */,
				C39C841F29872DF200E05D02 /* Resources */,
			);
			buildRules = (
			);
			dependencies = (
			);
			name = Pizzor;
			productName = Pizzor;
			productReference = C39C842129872DF200E05D02 /* Pizzor.app */;
			productType = "com.apple.product-type.application";
		};
		C39C843029872DFD00E05D02 /* PizzorTests */ = {
			isa = PBXNativeTarget;
			buildConfigurationList = C39C844829872DFD00E05D02 /* Build configuration list for PBXNativeTarget "PizzorTests" */;
			buildPhases = (
				C39C842D29872DFD00E05D02 /* Sources */,
				C39C842E29872DFD00E05D02 /* Frameworks */,
				C39C842F29872DFD00E05D02 /* Resources */,
			);
			buildRules = (
			);
			dependencies = (
				C39C843329872DFD00E05D02 /* PBXTargetDependency */,
			);
			name = PizzorTests;
			productName = PizzorTests;
			productReference = C39C843129872DFD00E05D02 /* PizzorTests.xctest */;
			productType = "com.apple.product-type.bundle.unit-test";
		};
		C39C843A29872DFD00E05D02 /* PizzorUITests */ = {
			isa = PBXNativeTarget;
			buildConfigurationList = C39C844B29872DFD00E05D02 /* Build configuration list for PBXNativeTarget "PizzorUITests" */;
			buildPhases = (
				C39C843729872DFD00E05D02 /* Sources */,
				C39C843829872DFD00E05D02 /* Frameworks */,
				C39C843929872DFD00E05D02 /* Resources */,
			);
			buildRules = (
			);
			dependencies = (
				C39C843D29872DFD00E05D02 /* PBXTargetDependency */,
			);
			name = PizzorUITests;
			productName = PizzorUITests;
			productReference = C39C843B29872DFD00E05D02 /* PizzorUITests.xctest */;
			productType = "com.apple.product-type.bundle.ui-testing";
		};
/* End PBXNativeTarget section */

/* Begin PBXProject section */
		C39C841929872DF200E05D02 /* Project object */ = {
			isa = PBXProject;
			attributes = {
				BuildIndependentTargetsInParallel = 1;
				LastSwiftUpdateCheck = 1420;
				LastUpgradeCheck = 1420;
				TargetAttributes = {
					C39C842029872DF200E05D02 = {
						CreatedOnToolsVersion = 14.2;
					};
					C39C843029872DFD00E05D02 = {
						CreatedOnToolsVersion = 14.2;
						TestTargetID = C39C842029872DF200E05D02;
					};
					C39C843A29872DFD00E05D02 = {
						CreatedOnToolsVersion = 14.2;
						TestTargetID = C39C842029872DF200E05D02;
					};
				};
			};
			buildConfigurationList = C39C841C29872DF200E05D02 /* Build configuration list for PBXProject "Pizzor" */;
			compatibilityVersion = "Xcode 14.0";
			developmentRegion = en;
			hasScannedForEncodings = 0;
			knownRegions = (
				en,
				Base,
			);
			mainGroup = C39C841829872DF200E05D02;
			productRefGroup = C39C842229872DF200E05D02 /* Products */;
			projectDirPath = "";
			projectRoot = "";
			targets = (
				C39C842029872DF200E05D02 /* Pizzor */,
				C39C843029872DFD00E05D02 /* PizzorTests */,
				C39C843A29872DFD00E05D02 /* PizzorUITests */,
			);
		};
/* End PBXProject section */

/* Begin PBXResourcesBuildPhase section */
		C39C841F29872DF200E05D02 /* Resources */ = {
			isa = PBXResourcesBuildPhase;
			buildActionMask = 2147483647;
			files = (
				C39C842C29872DFC00E05D02 /* Preview Assets.xcassets in Resources */,
				C39C842929872DFC00E05D02 /* Assets.xcassets in Resources */,
			);
			runOnlyForDeploymentPostprocessing = 0;
		};
		C39C842F29872DFD00E05D02 /* Resources */ = {
			isa = PBXResourcesBuildPhase;
			buildActionMask = 2147483647;
			files = (
			);
			runOnlyForDeploymentPostprocessing = 0;
		};
		C39C843929872DFD00E05D02 /* Resources */ = {
			isa = PBXResourcesBuildPhase;
			buildActionMask = 2147483647;
			files = (
			);
			runOnlyForDeploymentPostprocessing = 0;
		};
/* End PBXResourcesBuildPhase section */

/* Begin PBXSourcesBuildPhase section */
		C39C841D29872DF200E05D02 /* Sources */ = {
			isa = PBXSourcesBuildPhase;
			buildActionMask = 2147483647;
			files = (
				C39C842729872DF200E05D02 /* ContentView.swift in Sources */,
				C39C842529872DF200E05D02 /* PizzorApp.swift in Sources */,
			);
			runOnlyForDeploymentPostprocessing = 0;
		};
		C39C842D29872DFD00E05D02 /* Sources */ = {
			isa = PBXSourcesBuildPhase;
			buildActionMask = 2147483647;
			files = (
				C39C843629872DFD00E05D02 /* PizzorTests.swift in Sources */,
			);
			runOnlyForDeploymentPostprocessing = 0;
		};
		C39C843729872DFD00E05D02 /* Sources */ = {
			isa = PBXSourcesBuildPhase;
			buildActionMask = 2147483647;
			files = (
				C39C844229872DFD00E05D02 /* PizzorUITestsLaunchTests.swift in Sources */,
				C39C844029872DFD00E05D02 /* PizzorUITests.swift in Sources */,
			);
			runOnlyForDeploymentPostprocessing = 0;
		};
/* End PBXSourcesBuildPhase section */

/* Begin PBXTargetDependency section */
		C39C843329872DFD00E05D02 /* PBXTargetDependency */ = {
			isa = PBXTargetDependency;
			target = C39C842029872DF200E05D02 /* Pizzor */;
			targetProxy = C39C843229872DFD00E05D02 /* PBXContainerItemProxy */;
		};
		C39C843D29872DFD00E05D02 /* PBXTargetDependency */ = {
			isa = PBXTargetDependency;
			target = C39C842029872DF200E05D02 /* Pizzor */;
			targetProxy = C39C843C29872DFD00E05D02 /* PBXContainerItemProxy */;
		};
/* End PBXTargetDependency section */

/* Begin XCBuildConfiguration section */
		C39C844329872DFD00E05D02 /* Debug */ = {
			isa = XCBuildConfiguration;
			buildSettings = {
				ALWAYS_SEARCH_USER_PATHS = NO;
				CLANG_ANALYZER_NONNULL = YES;
				CLANG_ANALYZER_NUMBER_OBJECT_CONVERSION = YES_AGGRESSIVE;
				CLANG_CXX_LANGUAGE_STANDARD = "gnu++20";
				CLANG_ENABLE_MODULES = YES;
				CLANG_ENABLE_OBJC_ARC = YES;
				CLANG_ENABLE_OBJC_WEAK = YES;
				CLANG_WARN_BLOCK_CAPTURE_AUTORELEASING = YES;
				CLANG_WARN_BOOL_CONVERSION = YES;
				CLANG_WARN_COMMA = YES;
				CLANG_WARN_CONSTANT_CONVERSION = YES;
				CLANG_WARN_DEPRECATED_OBJC_IMPLEMENTATIONS = YES;
				CLANG_WARN_DIRECT_OBJC_ISA_USAGE = YES_ERROR;
				CLANG_WARN_DOCUMENTATION_COMMENTS = YES;
				CLANG_WARN_EMPTY_BODY = YES;
				CLANG_WARN_ENUM_CONVERSION = YES;
				CLANG_WARN_INFINITE_RECURSION = YES;
				CLANG_WARN_INT_CONVERSION = YES;
				CLANG_WARN_NON_LITERAL_NULL_CONVERSION = YES;
				CLANG_WARN_OBJC_IMPLICIT_RETAIN_SELF = YES;
				CLANG_WARN_OBJC_LITERAL_CONVERSION = YES;
				CLANG_WARN_OBJC_ROOT_CLASS = YES_ERROR;
				CLANG_WARN_QUOTED_INCLUDE_IN_FRAMEWORK_HEADER = YES;
				CLANG_WARN_RANGE_LOOP_ANALYSIS = YES;
				CLANG_WARN_STRICT_PROTOTYPES = YES;
				CLANG_WARN_SUSPICIOUS_MOVE = YES;
				CLANG_WARN_UNGUARDED_AVAILABILITY = YES_AGGRESSIVE;
				CLANG_WARN_UNREACHABLE_CODE = YES;
				CLANG_WARN__DUPLICATE_METHOD_MATCH = YES;
				COPY_PHASE_STRIP = NO;
				DEBUG_INFORMATION_FORMAT = dwarf;
				ENABLE_STRICT_OBJC_MSGSEND = YES;
				ENABLE_TESTABILITY = YES;
				GCC_C_LANGUAGE_STANDARD = gnu11;
				GCC_DYNAMIC_NO_PIC = NO;
				GCC_NO_COMMON_BLOCKS = YES;
				GCC_OPTIMIZATION_LEVEL = 0;
				GCC_PREPROCESSOR_DEFINITIONS = (
					"DEBUG=1",
					"$(inherited)",
				);
				GCC_WARN_64_TO_32_BIT_CONVERSION = YES;
				GCC_WARN_ABOUT_RETURN_TYPE = YES_ERROR;
				GCC_WARN_UNDECLARED_SELECTOR = YES;
				GCC_WARN_UNINITIALIZED_AUTOS = YES_AGGRESSIVE;
				GCC_WARN_UNUSED_FUNCTION = YES;
				GCC_WARN_UNUSED_VARIABLE = YES;
				IPHONEOS_DEPLOYMENT_TARGET = 16.2;
				MTL_ENABLE_DEBUG_INFO = INCLUDE_SOURCE;
				MTL_FAST_MATH = YES;
				ONLY_ACTIVE_ARCH = YES;
				SDKROOT = iphoneos;
				SWIFT_ACTIVE_COMPILATION_CONDITIONS = DEBUG;
				SWIFT_OPTIMIZATION_LEVEL = "-Onone";
			};
			name = Debug;
		};
		C39C844429872DFD00E05D02 /* Release */ = {
			isa = XCBuildConfiguration;
			buildSettings = {
				ALWAYS_SEARCH_USER_PATHS = NO;
				CLANG_ANALYZER_NONNULL = YES;
				CLANG_ANALYZER_NUMBER_OBJECT_CONVERSION = YES_AGGRESSIVE;
				CLANG_CXX_LANGUAGE_STANDARD = "gnu++20";
				CLANG_ENABLE_MODULES = YES;
				CLANG_ENABLE_OBJC_ARC = YES;
				CLANG_ENABLE_OBJC_WEAK = YES;
				CLANG_WARN_BLOCK_CAPTURE_AUTORELEASING = YES;
				CLANG_WARN_BOOL_CONVERSION = YES;
				CLANG_WARN_COMMA = YES;
				CLANG_WARN_CONSTANT_CONVERSION = YES;
				CLANG_WARN_DEPRECATED_OBJC_IMPLEMENTATIONS = YES;
				CLANG_WARN_DIRECT_OBJC_ISA_USAGE = YES_ERROR;
				CLANG_WARN_DOCUMENTATION_COMMENTS = YES;
				CLANG_WARN_EMPTY_BODY = YES;
				CLANG_WARN_ENUM_CONVERSION = YES;
				CLANG_WARN_INFINITE_RECURSION = YES;
				CLANG_WARN_INT_CONVERSION = YES;
				CLANG_WARN_NON_LITERAL_NULL_CONVERSION = YES;
				CLANG_WARN_OBJC_IMPLICIT_RETAIN_SELF = YES;
				CLANG_WARN_OBJC_LITERAL_CONVERSION = YES;
				CLANG_WARN_OBJC_ROOT_CLASS = YES_ERROR;
				CLANG_WARN_QUOTED_INCLUDE_IN_FRAMEWORK_HEADER = YES;
				CLANG_WARN_RANGE_LOOP_ANALYSIS = YES;
				CLANG_WARN_STRICT_PROTOTYPES = YES;
				CLANG_WARN_SUSPICIOUS_MOVE = YES;
				CLANG_WARN_UNGUARDED_AVAILABILITY = YES_AGGRESSIVE;
				CLANG_WARN_UNREACHABLE_CODE = YES;
				CLANG_WARN__DUPLICATE_METHOD_MATCH = YES;
				COPY_PHASE_STRIP = NO;
				DEBUG_INFORMATION_FORMAT = "dwarf-with-dsym";
				ENABLE_NS_ASSERTIONS = NO;
				ENABLE_STRICT_OBJC_MSGSEND = YES;
				GCC_C_LANGUAGE_STANDARD = gnu11;
				GCC_NO_COMMON_BLOCKS = YES;
				GCC_WARN_64_TO_32_BIT_CONVERSION = YES;
				GCC_WARN_ABOUT_RETURN_TYPE = YES_ERROR;
				GCC_WARN_UNDECLARED_SELECTOR = YES;
				GCC_WARN_UNINITIALIZED_AUTOS = YES_AGGRESSIVE;
				GCC_WARN_UNUSED_FUNCTION = YES;
				GCC_WARN_UNUSED_VARIABLE = YES;
				IPHONEOS_DEPLOYMENT_TARGET = 16.2;
				MTL_ENABLE_DEBUG_INFO = NO;
				MTL_FAST_MATH = YES;
				SDKROOT = iphoneos;
				SWIFT_COMPILATION_MODE = wholemodule;
				SWIFT_OPTIMIZATION_LEVEL = "-O";
				VALIDATE_PRODUCT = YES;
			};
			name = Release;
		};
		C39C844629872DFD00E05D02 /* Debug */ = {
			isa = XCBuildConfiguration;
			buildSettings = {
				ASSETCATALOG_COMPILER_APPICON_NAME = AppIcon;
				ASSETCATALOG_COMPILER_GLOBAL_ACCENT_COLOR_NAME = AccentColor;
				CODE_SIGN_STYLE = Automatic;
				CURRENT_PROJECT_VERSION = 1;
				DEVELOPMENT_ASSET_PATHS = "\"Pizzor/Preview Content\"";
				DEVELOPMENT_TEAM = 7HR6796S47;
				ENABLE_PREVIEWS = YES;
				GENERATE_INFOPLIST_FILE = YES;
				INFOPLIST_KEY_UIApplicationSceneManifest_Generation = YES;
				INFOPLIST_KEY_UIApplicationSupportsIndirectInputEvents = YES;
				INFOPLIST_KEY_UILaunchScreen_Generation = YES;
				INFOPLIST_KEY_UISupportedInterfaceOrientations_iPad = "UIInterfaceOrientationPortrait UIInterfaceOrientationPortraitUpsideDown UIInterfaceOrientationLandscapeLeft UIInterfaceOrientationLandscapeRight";
				INFOPLIST_KEY_UISupportedInterfaceOrientations_iPhone = "UIInterfaceOrientationPortrait UIInterfaceOrientationLandscapeLeft UIInterfaceOrientationLandscapeRight";
				LD_RUNPATH_SEARCH_PATHS = (
					"$(inherited)",
					"@executable_path/Frameworks",
				);
				MARKETING_VERSION = 1.0;
				PRODUCT_BUNDLE_IDENTIFIER = com.example.Pizzor;
				PRODUCT_NAME = "$(TARGET_NAME)";
				SWIFT_EMIT_LOC_STRINGS = YES;
				SWIFT_VERSION = 5.0;
				TARGETED_DEVICE_FAMILY = "1,2";
			};
			name = Debug;
		};
		C39C844729872DFD00E05D02 /* Release */ = {
			isa = XCBuildConfiguration;
			buildSettings = {
				ASSETCATALOG_COMPILER_APPICON_NAME = AppIcon;
				ASSETCATALOG_COMPILER_GLOBAL_ACCENT_COLOR_NAME = AccentColor;
				CODE_SIGN_STYLE = Automatic;
				CURRENT_PROJECT_VERSION = 1;
				DEVELOPMENT_ASSET_PATHS = "\"Pizzor/Preview Content\"";
				DEVELOPMENT_TEAM = 7HR6796S47;
				ENABLE_PREVIEWS = YES;
				GENERATE_INFOPLIST_FILE = YES;
				INFOPLIST_KEY_UIApplicationSceneManifest_Generation = YES;
				INFOPLIST_KEY_UIApplicationSupportsIndirectInputEvents = YES;
				INFOPLIST_KEY_UILaunchScreen_Generation = YES;
				INFOPLIST_KEY_UISupportedInterfaceOrientations_iPad = "UIInterfaceOrientationPortrait UIInterfaceOrientationPortraitUpsideDown UIInterfaceOrientationLandscapeLeft UIInterfaceOrientationLandscapeRight";
				INFOPLIST_KEY_UISupportedInterfaceOrientations_iPhone = "UIInterfaceOrientationPortrait UIInterfaceOrientationLandscapeLeft UIInterfaceOrientationLandscapeRight";
				LD_RUNPATH_SEARCH_PATHS = (
					"$(inherited)",
					"@executable_path/Frameworks",
				);
				MARKETING_VERSION = 1.0;
				PRODUCT_BUNDLE_IDENTIFIER = com.example.Pizzor;
				PRODUCT_NAME = "$(TARGET_NAME)";
				SWIFT_EMIT_LOC_STRINGS = YES;
				SWIFT_VERSION = 5.0;
				TARGETED_DEVICE_FAMILY = "1,2";
			};
			name = Release;
		};
		C39C844929872DFD00E05D02 /* Debug */ = {
			isa = XCBuildConfiguration;
			buildSettings = {
				ALWAYS_EMBED_SWIFT_STANDARD_LIBRARIES = YES;
				BUNDLE_LOADER = "$(TEST_HOST)";
				CODE_SIGN_STYLE = Automatic;
				CURRENT_PROJECT_VERSION = 1;
				DEVELOPMENT_TEAM = 7HR6796S47;
				GENERATE_INFOPLIST_FILE = YES;
				IPHONEOS_DEPLOYMENT_TARGET = 16.2;
				MARKETING_VERSION = 1.0;
				PRODUCT_BUNDLE_IDENTIFIER = com.example.PizzorTests;
				PRODUCT_NAME = "$(TARGET_NAME)";
				SWIFT_EMIT_LOC_STRINGS = NO;
				SWIFT_VERSION = 5.0;
				TARGETED_DEVICE_FAMILY = "1,2";
				TEST_HOST = "$(BUILT_PRODUCTS_DIR)/Pizzor.app/$(BUNDLE_EXECUTABLE_FOLDER_PATH)/Pizzor";
			};
			name = Debug;
		};
		C39C844A29872DFD00E05D02 /* Release */ = {
			isa = XCBuildConfiguration;
			buildSettings = {
				ALWAYS_EMBED_SWIFT_STANDARD_LIBRARIES = YES;
				BUNDLE_LOADER = "$(TEST_HOST)";
				CODE_SIGN_STYLE = Automatic;
				CURRENT_PROJECT_VERSION = 1;
				DEVELOPMENT_TEAM = 7HR6796S47;
				GENERATE_INFOPLIST_FILE = YES;
				IPHONEOS_DEPLOYMENT_TARGET = 16.2;
				MARKETING_VERSION = 1.0;
				PRODUCT_BUNDLE_IDENTIFIER = com.example.PizzorTests;
				PRODUCT_NAME = "$(TARGET_NAME)";
				SWIFT_EMIT_LOC_STRINGS = NO;
				SWIFT_VERSION = 5.0;
				TARGETED_DEVICE_FAMILY = "1,2";
				TEST_HOST = "$(BUILT_PRODUCTS_DIR)/Pizzor.app/$(BUNDLE_EXECUTABLE_FOLDER_PATH)/Pizzor";
			};
			name = Release;
		};
		C39C844C29872DFD00E05D02 /* Debug */ = {
			isa = XCBuildConfiguration;
			buildSettings = {
				ALWAYS_EMBED_SWIFT_STANDARD_LIBRARIES = YES;
				CODE_SIGN_STYLE = Automatic;
				CURRENT_PROJECT_VERSION = 1;
				DEVELOPMENT_TEAM = 7HR6796S47;
				GENERATE_INFOPLIST_FILE = YES;
				MARKETING_VERSION = 1.0;
				PRODUCT_BUNDLE_IDENTIFIER = com.example.PizzorUITests;
				PRODUCT_NAME = "$(TARGET_NAME)";
				SWIFT_EMIT_LOC_STRINGS = NO;
				SWIFT_VERSION = 5.0;
				TARGETED_DEVICE_FAMILY = "1,2";
				TEST_TARGET_NAME = Pizzor;
			};
			name = Debug;
		};
		C39C844D29872DFD00E05D02 /* Release */ = {
			isa = XCBuildConfiguration;
			buildSettings = {
				ALWAYS_EMBED_SWIFT_STANDARD_LIBRARIES = YES;
				CODE_SIGN_STYLE = Automatic;
				CURRENT_PROJECT_VERSION = 1;
				DEVELOPMENT_TEAM = 7HR6796S47;
				GENERATE_INFOPLIST_FILE = YES;
				MARKETING_VERSION = 1.0;
				PRODUCT_BUNDLE_IDENTIFIER = com.example.PizzorUITests;
				PRODUCT_NAME = "$(TARGET_NAME)";
				SWIFT_EMIT_LOC_STRINGS = NO;
				SWIFT_VERSION = 5.0;
				TARGETED_DEVICE_FAMILY = "1,2";
				TEST_TARGET_NAME = Pizzor;
			};
			name = Release;
		};
/* End XCBuildConfiguration section */

/* Begin XCConfigurationList section */
		C39C841C29872DF200E05D02 /* Build configuration list for PBXProject "Pizzor" */ = {
			isa = XCConfigurationList;
			buildConfigurations = (
				C39C844329872DFD00E05D02 /* Debug */,
				C39C844429872DFD00E05D02 /* Release */,
			);
			defaultConfigurationIsVisible = 0;
			defaultConfigurationName = Release;
		};
		C39C844529872DFD00E05D02 /* Build configuration list for PBXNativeTarget "Pizzor" */ = {
			isa = XCConfigurationList;
			buildConfigurations = (
				C39C844629872DFD00E05D02 /* Debug */,
				C39C844729872DFD00E05D02 /* Release */,
			);
			defaultConfigurationIsVisible = 0;
			defaultConfigurationName = Release;
		};
		C39C844829872DFD00E05D02 /* Build configuration list for PBXNativeTarget "PizzorTests" */ = {
			isa = XCConfigurationList;
			buildConfigurations = (
				C39C844929872DFD00E05D02 /* Debug */,
				C39C844A29872DFD00E05D02 /* Release */,
			);
			defaultConfigurationIsVisible = 0;
			defaultConfigurationName = Release;
		};
		C39C844B29872DFD00E05D02 /* Build configuration list for PBXNativeTarget "PizzorUITests" */ = {
			isa = XCConfigurationList;
			buildConfigurations = (
				C39C844C29872DFD00E05D02 /* Debug */,
				C39C844D29872DFD00E05D02 /* Release */,
			);
			defaultConfigurationIsVisible = 0;
			defaultConfigurationName = Release;
		};
/* End XCConfigurationList section */
	};
	rootObject = C39C841929872DF200E05D02 /* Project object */;
}
